// !$*UTF8*$!
{
	archiveVersion = 1;
	classes = {
	};
	objectVersion = 77;
	objects = {

/* Begin PBXContainerItemProxy section */
		81CDDF182E683C620035F975 /* PBXContainerItemProxy */ = {
			isa = PBXContainerItemProxy;
			containerPortal = 81CDDF022E683C5F0035F975 /* Project object */;
			proxyType = 1;
			remoteGlobalIDString = 81CDDF092E683C5F0035F975;
			remoteInfo = Wavelength;
		};
		81CDDF222E683C620035F975 /* PBXContainerItemProxy */ = {
			isa = PBXContainerItemProxy;
			containerPortal = 81CDDF022E683C5F0035F975 /* Project object */;
			proxyType = 1;
			remoteGlobalIDString = 81CDDF092E683C5F0035F975;
			remoteInfo = Wavelength;
		};
/* End PBXContainerItemProxy section */

/* Begin PBXFileReference section */
		81CDDF0A2E683C5F0035F975 /* Wavelength.app */ = {isa = PBXFileReference; explicitFileType = wrapper.application; includeInIndex = 0; path = Wavelength.app; sourceTree = BUILT_PRODUCTS_DIR; };
		81CDDF172E683C620035F975 /* WavelengthTests.xctest */ = {isa = PBXFileReference; explicitFileType = wrapper.cfbundle; includeInIndex = 0; path = WavelengthTests.xctest; sourceTree = BUILT_PRODUCTS_DIR; };
		81CDDF212E683C620035F975 /* WavelengthUITests.xctest */ = {isa = PBXFileReference; explicitFileType = wrapper.cfbundle; includeInIndex = 0; path = WavelengthUITests.xctest; sourceTree = BUILT_PRODUCTS_DIR; };
/* End PBXFileReference section */

/* Begin PBXFileSystemSynchronizedRootGroup section */
		81CDDF0C2E683C5F0035F975 /* Wavelength */ = {
			isa = PBXFileSystemSynchronizedRootGroup;
			path = Wavelength;
			sourceTree = "<group>";
		};
		81CDDF1A2E683C620035F975 /* WavelengthTests */ = {
			isa = PBXFileSystemSynchronizedRootGroup;
			path = WavelengthTests;
			sourceTree = "<group>";
		};
		81CDDF242E683C620035F975 /* WavelengthUITests */ = {
			isa = PBXFileSystemSynchronizedRootGroup;
			path = WavelengthUITests;
			sourceTree = "<group>";
		};
/* End PBXFileSystemSynchronizedRootGroup section */

/* Begin PBXFrameworksBuildPhase section */
		81CDDF072E683C5F0035F975 /* Frameworks */ = {
			isa = PBXFrameworksBuildPhase;
			buildActionMask = 2147483647;
			files = (
			);
			runOnlyForDeploymentPostprocessing = 0;
		};
		81CDDF142E683C620035F975 /* Frameworks */ = {
			isa = PBXFrameworksBuildPhase;
			buildActionMask = 2147483647;
			files = (
			);
			runOnlyForDeploymentPostprocessing = 0;
		};
		81CDDF1E2E683C620035F975 /* Frameworks */ = {
			isa = PBXFrameworksBuildPhase;
			buildActionMask = 2147483647;
			files = (
			);
			runOnlyForDeploymentPostprocessing = 0;
		};
/* End PBXFrameworksBuildPhase section */

/* Begin PBXGroup section */
		81CDDF012E683C5F0035F975 = {
			isa = PBXGroup;
			children = (
				81CDDF0C2E683C5F0035F975 /* Wavelength */,
				81CDDF1A2E683C620035F975 /* WavelengthTests */,
				81CDDF242E683C620035F975 /* WavelengthUITests */,
				81CDDF0B2E683C5F0035F975 /* Products */,
			);
			sourceTree = "<group>";
		};
		81CDDF0B2E683C5F0035F975 /* Products */ = {
			isa = PBXGroup;
			children = (
				81CDDF0A2E683C5F0035F975 /* Wavelength.app */,
				81CDDF172E683C620035F975 /* WavelengthTests.xctest */,
				81CDDF212E683C620035F975 /* WavelengthUITests.xctest */,
			);
			name = Products;
			sourceTree = "<group>";
		};
/* End PBXGroup section */

/* Begin PBXNativeTarget section */
		81CDDF092E683C5F0035F975 /* Wavelength */ = {
			isa = PBXNativeTarget;
			buildConfigurationList = 81CDDF2B2E683C620035F975 /* Build configuration list for PBXNativeTarget "Wavelength" */;
			buildPhases = (
				81CDDF062E683C5F0035F975 /* Sources */,
				81CDDF072E683C5F0035F975 /* Frameworks */,
				81CDDF082E683C5F0035F975 /* Resources */,
			);
			buildRules = (
			);
			dependencies = (
			);
			fileSystemSynchronizedGroups = (
				81CDDF0C2E683C5F0035F975 /* Wavelength */,
			);
			name = Wavelength;
			packageProductDependencies = (
			);
			productName = Wavelength;
			productReference = 81CDDF0A2E683C5F0035F975 /* Wavelength.app */;
			productType = "com.apple.product-type.application";
		};
		81CDDF162E683C620035F975 /* WavelengthTests */ = {
			isa = PBXNativeTarget;
			buildConfigurationList = 81CDDF2E2E683C620035F975 /* Build configuration list for PBXNativeTarget "WavelengthTests" */;
			buildPhases = (
				81CDDF132E683C620035F975 /* Sources */,
				81CDDF142E683C620035F975 /* Frameworks */,
				81CDDF152E683C620035F975 /* Resources */,
			);
			buildRules = (
			);
			dependencies = (
				81CDDF192E683C620035F975 /* PBXTargetDependency */,
			);
			fileSystemSynchronizedGroups = (
				81CDDF1A2E683C620035F975 /* WavelengthTests */,
			);
			name = WavelengthTests;
			packageProductDependencies = (
			);
			productName = WavelengthTests;
			productReference = 81CDDF172E683C620035F975 /* WavelengthTests.xctest */;
			productType = "com.apple.product-type.bundle.unit-test";
		};
		81CDDF202E683C620035F975 /* WavelengthUITests */ = {
			isa = PBXNativeTarget;
			buildConfigurationList = 81CDDF312E683C620035F975 /* Build configuration list for PBXNativeTarget "WavelengthUITests" */;
			buildPhases = (
				81CDDF1D2E683C620035F975 /* Sources */,
				81CDDF1E2E683C620035F975 /* Frameworks */,
				81CDDF1F2E683C620035F975 /* Resources */,
			);
			buildRules = (
			);
			dependencies = (
				81CDDF232E683C620035F975 /* PBXTargetDependency */,
			);
			fileSystemSynchronizedGroups = (
				81CDDF242E683C620035F975 /* WavelengthUITests */,
			);
			name = WavelengthUITests;
			packageProductDependencies = (
			);
			productName = WavelengthUITests;
			productReference = 81CDDF212E683C620035F975 /* WavelengthUITests.xctest */;
			productType = "com.apple.product-type.bundle.ui-testing";
		};
/* End PBXNativeTarget section */

/* Begin PBXProject section */
		81CDDF022E683C5F0035F975 /* Project object */ = {
			isa = PBXProject;
			attributes = {
				BuildIndependentTargetsInParallel = 1;
				LastSwiftUpdateCheck = 1640;
				LastUpgradeCheck = 1640;
				TargetAttributes = {
					81CDDF092E683C5F0035F975 = {
						CreatedOnToolsVersion = 16.4;
					};
					81CDDF162E683C620035F975 = {
						CreatedOnToolsVersion = 16.4;
						TestTargetID = 81CDDF092E683C5F0035F975;
					};
					81CDDF202E683C620035F975 = {
						CreatedOnToolsVersion = 16.4;
						TestTargetID = 81CDDF092E683C5F0035F975;
					};
				};
			};
			buildConfigurationList = 81CDDF052E683C5F0035F975 /* Build configuration list for PBXProject "Wavelength" */;
			developmentRegion = en;
			hasScannedForEncodings = 0;
			knownRegions = (
				en,
				Base,
			);
			mainGroup = 81CDDF012E683C5F0035F975;
			minimizedProjectReferenceProxies = 1;
			preferredProjectObjectVersion = 77;
			productRefGroup = 81CDDF0B2E683C5F0035F975 /* Products */;
			projectDirPath = "";
			projectRoot = "";
			targets = (
				81CDDF092E683C5F0035F975 /* Wavelength */,
				81CDDF162E683C620035F975 /* WavelengthTests */,
				81CDDF202E683C620035F975 /* WavelengthUITests */,
			);
		};
/* End PBXProject section */

/* Begin PBXResourcesBuildPhase section */
		81CDDF082E683C5F0035F975 /* Resources */ = {
			isa = PBXResourcesBuildPhase;
			buildActionMask = 2147483647;
			files = (
			);
			runOnlyForDeploymentPostprocessing = 0;
		};
		81CDDF152E683C620035F975 /* Resources */ = {
			isa = PBXResourcesBuildPhase;
			buildActionMask = 2147483647;
			files = (
			);
			runOnlyForDeploymentPostprocessing = 0;
		};
		81CDDF1F2E683C620035F975 /* Resources */ = {
			isa = PBXResourcesBuildPhase;
			buildActionMask = 2147483647;
			files = (
			);
			runOnlyForDeploymentPostprocessing = 0;
		};
/* End PBXResourcesBuildPhase section */

/* Begin PBXSourcesBuildPhase section */
		81CDDF062E683C5F0035F975 /* Sources */ = {
			isa = PBXSourcesBuildPhase;
			buildActionMask = 2147483647;
			files = (
			);
			runOnlyForDeploymentPostprocessing = 0;
		};
		81CDDF132E683C620035F975 /* Sources */ = {
			isa = PBXSourcesBuildPhase;
			buildActionMask = 2147483647;
			files = (
			);
			runOnlyForDeploymentPostprocessing = 0;
		};
		81CDDF1D2E683C620035F975 /* Sources */ = {
			isa = PBXSourcesBuildPhase;
			buildActionMask = 2147483647;
			files = (
			);
			runOnlyForDeploymentPostprocessing = 0;
		};
/* End PBXSourcesBuildPhase section */

/* Begin PBXTargetDependency section */
		81CDDF192E683C620035F975 /* PBXTargetDependency */ = {
			isa = PBXTargetDependency;
			target = 81CDDF092E683C5F0035F975 /* Wavelength */;
			targetProxy = 81CDDF182E683C620035F975 /* PBXContainerItemProxy */;
		};
		81CDDF232E683C620035F975 /* PBXTargetDependency */ = {
			isa = PBXTargetDependency;
			target = 81CDDF092E683C5F0035F975 /* Wavelength */;
			targetProxy = 81CDDF222E683C620035F975 /* PBXContainerItemProxy */;
		};
/* End PBXTargetDependency section */

/* Begin XCBuildConfiguration section */
		81CDDF292E683C620035F975 /* Debug */ = {
			isa = XCBuildConfiguration;
			buildSettings = {
				ALWAYS_SEARCH_USER_PATHS = NO;
				ASSETCATALOG_COMPILER_GENERATE_SWIFT_ASSET_SYMBOL_EXTENSIONS = YES;
				CLANG_ANALYZER_NONNULL = YES;
				CLANG_ANALYZER_NUMBER_OBJECT_CONVERSION = YES_AGGRESSIVE;
				CLANG_CXX_LANGUAGE_STANDARD = "gnu++20";
				CLANG_ENABLE_MODULES = YES;
				CLANG_ENABLE_OBJC_ARC = YES;
				CLANG_ENABLE_OBJC_WEAK = YES;
				CLANG_WARN_BLOCK_CAPTURE_AUTORELEASING = YES;
				CLANG_WARN_BOOL_CONVERSION = YES;
				CLANG_WARN_COMMA = YES;
				CLANG_WARN_CONSTANT_CONVERSION = YES;
				CLANG_WARN_DEPRECATED_OBJC_IMPLEMENTATIONS = YES;
				CLANG_WARN_DIRECT_OBJC_ISA_USAGE = YES_ERROR;
				CLANG_WARN_DOCUMENTATION_COMMENTS = YES;
				CLANG_WARN_EMPTY_BODY = YES;
				CLANG_WARN_ENUM_CONVERSION = YES;
				CLANG_WARN_INFINITE_RECURSION = YES;
				CLANG_WARN_INT_CONVERSION = YES;
				CLANG_WARN_NON_LITERAL_NULL_CONVERSION = YES;
				CLANG_WARN_OBJC_IMPLICIT_RETAIN_SELF = YES;
				CLANG_WARN_OBJC_LITERAL_CONVERSION = YES;
				CLANG_WARN_OBJC_ROOT_CLASS = YES_ERROR;
				CLANG_WARN_QUOTED_INCLUDE_IN_FRAMEWORK_HEADER = YES;
				CLANG_WARN_RANGE_LOOP_ANALYSIS = YES;
				CLANG_WARN_STRICT_PROTOTYPES = YES;
				CLANG_WARN_SUSPICIOUS_MOVE = YES;
				CLANG_WARN_UNGUARDED_AVAILABILITY = YES_AGGRESSIVE;
				CLANG_WARN_UNREACHABLE_CODE = YES;
				CLANG_WARN__DUPLICATE_METHOD_MATCH = YES;
				COPY_PHASE_STRIP = NO;
				DEBUG_INFORMATION_FORMAT = dwarf;
				DEVELOPMENT_TEAM = 7QB7LDWNJC;
				ENABLE_STRICT_OBJC_MSGSEND = YES;
				ENABLE_TESTABILITY = YES;
				ENABLE_USER_SCRIPT_SANDBOXING = YES;
				GCC_C_LANGUAGE_STANDARD = gnu17;
				GCC_DYNAMIC_NO_PIC = NO;
				GCC_NO_COMMON_BLOCKS = YES;
				GCC_OPTIMIZATION_LEVEL = 0;
				GCC_PREPROCESSOR_DEFINITIONS = (
					"DEBUG=1",
					"$(inherited)",
				);
				GCC_WARN_64_TO_32_BIT_CONVERSION = YES;
				GCC_WARN_ABOUT_RETURN_TYPE = YES_ERROR;
				GCC_WARN_UNDECLARED_SELECTOR = YES;
				GCC_WARN_UNINITIALIZED_AUTOS = YES_AGGRESSIVE;
				GCC_WARN_UNUSED_FUNCTION = YES;
				GCC_WARN_UNUSED_VARIABLE = YES;
				IPHONEOS_DEPLOYMENT_TARGET = 18.5;
				LOCALIZATION_PREFERS_STRING_CATALOGS = YES;
				MTL_ENABLE_DEBUG_INFO = INCLUDE_SOURCE;
				MTL_FAST_MATH = YES;
				ONLY_ACTIVE_ARCH = YES;
				SDKROOT = iphoneos;
				SWIFT_ACTIVE_COMPILATION_CONDITIONS = "DEBUG $(inherited)";
				SWIFT_OPTIMIZATION_LEVEL = "-Onone";
			};
			name = Debug;
		};
		81CDDF2A2E683C620035F975 /* Release */ = {
			isa = XCBuildConfiguration;
			buildSettings = {
				ALWAYS_SEARCH_USER_PATHS = NO;
				ASSETCATALOG_COMPILER_GENERATE_SWIFT_ASSET_SYMBOL_EXTENSIONS = YES;
				CLANG_ANALYZER_NONNULL = YES;
				CLANG_ANALYZER_NUMBER_OBJECT_CONVERSION = YES_AGGRESSIVE;
				CLANG_CXX_LANGUAGE_STANDARD = "gnu++20";
				CLANG_ENABLE_MODULES = YES;
				CLANG_ENABLE_OBJC_ARC = YES;
				CLANG_ENABLE_OBJC_WEAK = YES;
				CLANG_WARN_BLOCK_CAPTURE_AUTORELEASING = YES;
				CLANG_WARN_BOOL_CONVERSION = YES;
				CLANG_WARN_COMMA = YES;
				CLANG_WARN_CONSTANT_CONVERSION = YES;
				CLANG_WARN_DEPRECATED_OBJC_IMPLEMENTATIONS = YES;
				CLANG_WARN_DIRECT_OBJC_ISA_USAGE = YES_ERROR;
				CLANG_WARN_DOCUMENTATION_COMMENTS = YES;
				CLANG_WARN_EMPTY_BODY = YES;
				CLANG_WARN_ENUM_CONVERSION = YES;
				CLANG_WARN_INFINITE_RECURSION = YES;
				CLANG_WARN_INT_CONVERSION = YES;
				CLANG_WARN_NON_LITERAL_NULL_CONVERSION = YES;
				CLANG_WARN_OBJC_IMPLICIT_RETAIN_SELF = YES;
				CLANG_WARN_OBJC_LITERAL_CONVERSION = YES;
				CLANG_WARN_OBJC_ROOT_CLASS = YES_ERROR;
				CLANG_WARN_QUOTED_INCLUDE_IN_FRAMEWORK_HEADER = YES;
				CLANG_WARN_RANGE_LOOP_ANALYSIS = YES;
				CLANG_WARN_STRICT_PROTOTYPES = YES;
				CLANG_WARN_SUSPICIOUS_MOVE = YES;
				CLANG_WARN_UNGUARDED_AVAILABILITY = YES_AGGRESSIVE;
				CLANG_WARN_UNREACHABLE_CODE = YES;
				CLANG_WARN__DUPLICATE_METHOD_MATCH = YES;
				COPY_PHASE_STRIP = NO;
				DEBUG_INFORMATION_FORMAT = "dwarf-with-dsym";
				DEVELOPMENT_TEAM = 7QB7LDWNJC;
				ENABLE_NS_ASSERTIONS = NO;
				ENABLE_STRICT_OBJC_MSGSEND = YES;
				ENABLE_USER_SCRIPT_SANDBOXING = YES;
				GCC_C_LANGUAGE_STANDARD = gnu17;
				GCC_NO_COMMON_BLOCKS = YES;
				GCC_WARN_64_TO_32_BIT_CONVERSION = YES;
				GCC_WARN_ABOUT_RETURN_TYPE = YES_ERROR;
				GCC_WARN_UNDECLARED_SELECTOR = YES;
				GCC_WARN_UNINITIALIZED_AUTOS = YES_AGGRESSIVE;
				GCC_WARN_UNUSED_FUNCTION = YES;
				GCC_WARN_UNUSED_VARIABLE = YES;
				IPHONEOS_DEPLOYMENT_TARGET = 18.5;
				LOCALIZATION_PREFERS_STRING_CATALOGS = YES;
				MTL_ENABLE_DEBUG_INFO = NO;
				MTL_FAST_MATH = YES;
				SDKROOT = iphoneos;
				SWIFT_COMPILATION_MODE = wholemodule;
				VALIDATE_PRODUCT = YES;
			};
			name = Release;
		};
		81CDDF2C2E683C620035F975 /* Debug */ = {
			isa = XCBuildConfiguration;
			buildSettings = {
				ASSETCATALOG_COMPILER_APPICON_NAME = AppIcon;
				ASSETCATALOG_COMPILER_GLOBAL_ACCENT_COLOR_NAME = AccentColor;
				CODE_SIGN_STYLE = Automatic;
				CURRENT_PROJECT_VERSION = 1;
				DEVELOPMENT_TEAM = 7QB7LDWNJC;
				ENABLE_PREVIEWS = YES;
				GENERATE_INFOPLIST_FILE = YES;
				INFOPLIST_KEY_NSMicrophoneUsageDescription = "Wavelength needs microphone access to record your voice for journaling. All audio is processed locally and immediately deleted after transcription.";
				INFOPLIST_KEY_NSSpeechRecognitionUsageDescription = "Wavelength uses speech recognition to transcribe your voice journal entries locally on your device. Your audio is never stored or sent to external servers.";
				INFOPLIST_KEY_UIApplicationSceneManifest_Generation = YES;
				INFOPLIST_KEY_UIApplicationSupportsIndirectInputEvents = YES;
				INFOPLIST_KEY_UILaunchScreen_Generation = YES;
				INFOPLIST_KEY_UISupportedInterfaceOrientations_iPad = "UIInterfaceOrientationPortrait UIInterfaceOrientationPortraitUpsideDown UIInterfaceOrientationLandscapeLeft UIInterfaceOrientationLandscapeRight";
				INFOPLIST_KEY_UISupportedInterfaceOrientations_iPhone = "UIInterfaceOrientationPortrait UIInterfaceOrientationLandscapeLeft UIInterfaceOrientationLandscapeRight";
				LD_RUNPATH_SEARCH_PATHS = (
					"$(inherited)",
					"@executable_path/Frameworks",
				);
				MARKETING_VERSION = 1.0;
				PRODUCT_BUNDLE_IDENTIFIER = na.Wavelength;
				PRODUCT_NAME = "$(TARGET_NAME)";
				SWIFT_EMIT_LOC_STRINGS = YES;
				SWIFT_VERSION = 5.0;
				TARGETED_DEVICE_FAMILY = "1,2";
			};
			name = Debug;
		};
		81CDDF2D2E683C620035F975 /* Release */ = {
			isa = XCBuildConfiguration;
			buildSettings = {
				ASSETCATALOG_COMPILER_APPICON_NAME = AppIcon;
				ASSETCATALOG_COMPILER_GLOBAL_ACCENT_COLOR_NAME = AccentColor;
				CODE_SIGN_STYLE = Automatic;
				CURRENT_PROJECT_VERSION = 1;
				DEVELOPMENT_TEAM = 7QB7LDWNJC;
				ENABLE_PREVIEWS = YES;
				GENERATE_INFOPLIST_FILE = YES;
				INFOPLIST_KEY_NSMicrophoneUsageDescription = "Wavelength needs microphone access to record your voice for journaling. All audio is processed locally and immediately deleted after transcription.";
				INFOPLIST_KEY_NSSpeechRecognitionUsageDescription = "Wavelength uses speech recognition to transcribe your voice journal entries locally on your device. Your audio is never stored or sent to external servers.";
				INFOPLIST_KEY_UIApplicationSceneManifest_Generation = YES;
				INFOPLIST_KEY_UIApplicationSupportsIndirectInputEvents = YES;
				INFOPLIST_KEY_UILaunchScreen_Generation = YES;
				INFOPLIST_KEY_UISupportedInterfaceOrientations_iPad = "UIInterfaceOrientationPortrait UIInterfaceOrientationPortraitUpsideDown UIInterfaceOrientationLandscapeLeft UIInterfaceOrientationLandscapeRight";
				INFOPLIST_KEY_UISupportedInterfaceOrientations_iPhone = "UIInterfaceOrientationPortrait UIInterfaceOrientationLandscapeLeft UIInterfaceOrientationLandscapeRight";
				LD_RUNPATH_SEARCH_PATHS = (
					"$(inherited)",
					"@executable_path/Frameworks",
				);
				MARKETING_VERSION = 1.0;
				PRODUCT_BUNDLE_IDENTIFIER = na.Wavelength;
				PRODUCT_NAME = "$(TARGET_NAME)";
				SWIFT_EMIT_LOC_STRINGS = YES;
				SWIFT_VERSION = 5.0;
				TARGETED_DEVICE_FAMILY = "1,2";
			};
			name = Release;
		};
		81CDDF2F2E683C620035F975 /* Debug */ = {
			isa = XCBuildConfiguration;
			buildSettings = {
				BUNDLE_LOADER = "$(TEST_HOST)";
				CODE_SIGN_STYLE = Automatic;
				CURRENT_PROJECT_VERSION = 1;
				DEVELOPMENT_TEAM = 7QB7LDWNJC;
				GENERATE_INFOPLIST_FILE = NO;
				IPHONEOS_DEPLOYMENT_TARGET = 18.5;
				MARKETING_VERSION = 1.0;
				PRODUCT_BUNDLE_IDENTIFIER = na.WavelengthTests;
				PRODUCT_NAME = "$(TARGET_NAME)";
				SWIFT_EMIT_LOC_STRINGS = NO;
				SWIFT_VERSION = 5.0;
				TARGETED_DEVICE_FAMILY = "1,2";
				TEST_HOST = "$(BUILT_PRODUCTS_DIR)/Wavelength.app/$(BUNDLE_EXECUTABLE_FOLDER_PATH)/Wavelength";
			};
			name = Debug;
		};
		81CDDF302E683C620035F975 /* Release */ = {
			isa = XCBuildConfiguration;
			buildSettings = {
				BUNDLE_LOADER = "$(TEST_HOST)";
				CODE_SIGN_STYLE = Automatic;
				CURRENT_PROJECT_VERSION = 1;
				DEVELOPMENT_TEAM = 7QB7LDWNJC;
				GENERATE_INFOPLIST_FILE = NO;
				IPHONEOS_DEPLOYMENT_TARGET = 18.5;
				MARKETING_VERSION = 1.0;
				PRODUCT_BUNDLE_IDENTIFIER = na.WavelengthTests;
				PRODUCT_NAME = "$(TARGET_NAME)";
				SWIFT_EMIT_LOC_STRINGS = NO;
				SWIFT_VERSION = 5.0;
				TARGETED_DEVICE_FAMILY = "1,2";
				TEST_HOST = "$(BUILT_PRODUCTS_DIR)/Wavelength.app/$(BUNDLE_EXECUTABLE_FOLDER_PATH)/Wavelength";
			};
			name = Release;
		};
		81CDDF322E683C620035F975 /* Debug */ = {
			isa = XCBuildConfiguration;
			buildSettings = {
				CODE_SIGN_STYLE = Automatic;
				CURRENT_PROJECT_VERSION = 1;
				DEVELOPMENT_TEAM = 7QB7LDWNJC;
				GENERATE_INFOPLIST_FILE = NO;
				MARKETING_VERSION = 1.0;
				PRODUCT_BUNDLE_IDENTIFIER = na.WavelengthUITests;
				PRODUCT_NAME = "$(TARGET_NAME)";
				SWIFT_EMIT_LOC_STRINGS = NO;
				SWIFT_VERSION = 5.0;
				TARGETED_DEVICE_FAMILY = "1,2";
				TEST_TARGET_NAME = Wavelength;
			};
			name = Debug;
		};
		81CDDF332E683C620035F975 /* Release */ = {
			isa = XCBuildConfiguration;
			buildSettings = {
				CODE_SIGN_STYLE = Automatic;
				CURRENT_PROJECT_VERSION = 1;
				DEVELOPMENT_TEAM = 7QB7LDWNJC;
				GENERATE_INFOPLIST_FILE = NO;
				MARKETING_VERSION = 1.0;
				PRODUCT_BUNDLE_IDENTIFIER = na.WavelengthUITests;
				PRODUCT_NAME = "$(TARGET_NAME)";
				SWIFT_EMIT_LOC_STRINGS = NO;
				SWIFT_VERSION = 5.0;
				TARGETED_DEVICE_FAMILY = "1,2";
				TEST_TARGET_NAME = Wavelength;
			};
			name = Release;
		};
/* End XCBuildConfiguration section */

/* Begin XCConfigurationList section */
		81CDDF052E683C5F0035F975 /* Build configuration list for PBXProject "Wavelength" */ = {
			isa = XCConfigurationList;
			buildConfigurations = (
				81CDDF292E683C620035F975 /* Debug */,
				81CDDF2A2E683C620035F975 /* Release */,
			);
			defaultConfigurationIsVisible = 0;
			defaultConfigurationName = Release;
		};
		81CDDF2B2E683C620035F975 /* Build configuration list for PBXNativeTarget "Wavelength" */ = {
			isa = XCConfigurationList;
			buildConfigurations = (
				81CDDF2C2E683C620035F975 /* Debug */,
				81CDDF2D2E683C620035F975 /* Release */,
			);
			defaultConfigurationIsVisible = 0;
			defaultConfigurationName = Release;
		};
		81CDDF2E2E683C620035F975 /* Build configuration list for PBXNativeTarget "WavelengthTests" */ = {
			isa = XCConfigurationList;
			buildConfigurations = (
				81CDDF2F2E683C620035F975 /* Debug */,
				81CDDF302E683C620035F975 /* Release */,
			);
			defaultConfigurationIsVisible = 0;
			defaultConfigurationName = Release;
		};
		81CDDF312E683C620035F975 /* Build configuration list for PBXNativeTarget "WavelengthUITests" */ = {
			isa = XCConfigurationList;
			buildConfigurations = (
				81CDDF322E683C620035F975 /* Debug */,
				81CDDF332E683C620035F975 /* Release */,
			);
			defaultConfigurationIsVisible = 0;
			defaultConfigurationName = Release;
		};
/* End XCConfigurationList section */
	};
	rootObject = 81CDDF022E683C5F0035F975 /* Project object */;
}
